
Microsoft Visual Studio Solution File, Format Version 12.00
# Visual Studio Version 17
VisualStudioVersion = 17.1.32210.238
MinimumVisualStudioVersion = 10.0.40219.1
Project("{FAE04EC0-301F-11D3-BF4B-00C04F79EFBC}") = "EsquerdaVolver.Consoleapp", "EsquerdaVolver.Consoleapp\EsquerdaVolver.Consoleapp.csproj", "{0915FCFC-735E-4964-8482-0DF4CB5C2F47}"
EndProject
Global
	GlobalSection(SolutionConfigurationPlatforms) = preSolution
		Debug|Any CPU = Debug|Any CPU
		Release|Any CPU = Release|Any CPU
	EndGlobalSection
	GlobalSection(ProjectConfigurationPlatforms) = postSolution
		{0915FCFC-735E-4964-8482-0DF4CB5C2F47}.Debug|Any CPU.ActiveCfg = Debug|Any CPU
		{0915FCFC-735E-4964-8482-0DF4CB5C2F47}.Debug|Any CPU.Build.0 = Debug|Any CPU
		{0915FCFC-735E-4964-8482-0DF4CB5C2F47}.Release|Any CPU.ActiveCfg = Release|Any CPU
		{0915FCFC-735E-4964-8482-0DF4CB5C2F47}.Release|Any CPU.Build.0 = Release|Any CPU
	EndGlobalSection
	GlobalSection(SolutionProperties) = preSolution
		HideSolutionNode = FALSE
	EndGlobalSection
	GlobalSection(ExtensibilityGlobals) = postSolution
		SolutionGuid = {D1F28726-5C3A-445C-888E-8510064C385D}
	EndGlobalSection
EndGlobal
